# THIS IS AN AUTOGENERATED FILE. DO NOT EDIT THIS FILE DIRECTLY.
# yarn lockfile v1


"@cspotcode/source-map-support@^0.8.0":
  version "0.8.1"
  resolved "http://r.npm.sankuai.com/@cspotcode/source-map-support/download/@cspotcode/source-map-support-0.8.1.tgz#00629c35a688e05a88b1cda684fb9d5e73f000a1"
  integrity sha1-AGKcNaaI4FqIsc2mhPudXnPwAKE=
  dependencies:
    "@jridgewell/trace-mapping" "0.3.9"

"@jridgewell/resolve-uri@^3.0.3":
  version "3.1.0"
  resolved "http://r.npm.sankuai.com/@jridgewell/resolve-uri/download/@jridgewell/resolve-uri-3.1.0.tgz#2203b118c157721addfe69d47b70465463066d78"
  integrity sha1-IgOxGMFXchrd/mnUe3BGVGMGbXg=

"@jridgewell/sourcemap-codec@^1.4.10":
  version "1.4.14"
  resolved "http://r.npm.sankuai.com/@jridgewell/sourcemap-codec/download/@jridgewell/sourcemap-codec-1.4.14.tgz#add4c98d341472a289190b424efbdb096991bb24"
  integrity sha1-rdTJjTQUcqKJGQtCTvvbCWmRuyQ=

"@jridgewell/trace-mapping@0.3.9":
  version "0.3.9"
  resolved "http://r.npm.sankuai.com/@jridgewell/trace-mapping/download/@jridgewell/trace-mapping-0.3.9.tgz#6534fd5933a53ba7cbf3a17615e273a0d1273ff9"
  integrity sha1-ZTT9WTOlO6fL86F2FeJzoNEnP/k=
  dependencies:
    "@jridgewell/resolve-uri" "^3.0.3"
    "@jridgewell/sourcemap-codec" "^1.4.10"

"@tsconfig/node10@^1.0.7":
  version "1.0.9"
  resolved "http://r.npm.sankuai.com/@tsconfig/node10/download/@tsconfig/node10-1.0.9.tgz#df4907fc07a886922637b15e02d4cebc4c0021b2"
  integrity sha1-30kH/AeohpImN7FeAtTOvEwAIbI=

"@tsconfig/node12@^1.0.7":
  version "1.0.11"
  resolved "http://r.npm.sankuai.com/@tsconfig/node12/download/@tsconfig/node12-1.0.11.tgz#ee3def1f27d9ed66dac6e46a295cffb0152e058d"
  integrity sha1-7j3vHyfZ7WbaxuRqKVz/sBUuBY0=

"@tsconfig/node14@^1.0.0":
  version "1.0.3"
  resolved "http://r.npm.sankuai.com/@tsconfig/node14/download/@tsconfig/node14-1.0.3.tgz#e4386316284f00b98435bf40f72f75a09dabf6c1"
  integrity sha1-5DhjFihPALmENb9A9y91oJ2r9sE=

"@tsconfig/node16@^1.0.2":
  version "1.0.3"
  resolved "http://r.npm.sankuai.com/@tsconfig/node16/download/@tsconfig/node16-1.0.3.tgz#472eaab5f15c1ffdd7f8628bd4c4f753995ec79e"
  integrity sha1-Ry6qtfFcH/3X+GKL1MT3U5lex54=

acorn-walk@^8.1.1:
  version "8.2.0"
  resolved "http://r.npm.sankuai.com/acorn-walk/download/acorn-walk-8.2.0.tgz#741210f2e2426454508853a2f44d0ab83b7f69c1"
  integrity sha1-dBIQ8uJCZFRQiFOi9E0KuDt/acE=

acorn@^8.4.1:
  version "8.8.2"
  resolved "http://r.npm.sankuai.com/acorn/download/acorn-8.8.2.tgz#1b2f25db02af965399b9776b0c2c391276d37c4a"
  integrity sha1-Gy8l2wKvllOZuXdrDCw5EnbTfEo=

arg@^4.1.0:
  version "4.1.3"
  resolved "http://r.npm.sankuai.com/arg/download/arg-4.1.3.tgz#269fc7ad5b8e42cb63c896d5666017261c144089"
  integrity sha1-Jp/HrVuOQstjyJbVZmAXJhwUQIk=

create-require@^1.1.0:
  version "1.1.1"
  resolved "http://r.npm.sankuai.com/create-require/download/create-require-1.1.1.tgz#c1d7e8f1e5f6cfc9ff65f9cd352d37348756c333"
  integrity sha1-wdfo8eX2z8n/ZfnNNS03NIdWwzM=

diff@^4.0.1:
  version "4.0.2"
  resolved "http://r.npm.sankuai.com/diff/download/diff-4.0.2.tgz#60f3aecb89d5fae520c11aa19efc2bb982aade7d"
  integrity sha1-YPOuy4nV+uUgwRqhnvwruYKq3n0=

make-error@^1.1.1:
  version "1.3.6"
  resolved "http://r.npm.sankuai.com/make-error/download/make-error-1.3.6.tgz#2eb2e37ea9b67c4891f684a1394799af484cf7a2"
  integrity sha1-LrLjfqm2fEiR9oShOUeZr0hM96I=

prettier@^2.4.1:
  version "2.4.1"
  resolved "http://r.npm.sankuai.com/prettier/download/prettier-2.4.1.tgz#671e11c89c14a4cfc876ce564106c4a6726c9f5c"
  integrity sha1-Zx4RyJwUpM/Ids5WQQbEpnJsn1w=

ts-node@^10.9.1:
  version "10.9.1"
  resolved "http://r.npm.sankuai.com/ts-node/download/ts-node-10.9.1.tgz#e73de9102958af9e1f0b168a6ff320e25adcff4b"
  integrity sha1-5z3pEClYr54fCxaKb/Mg4lrc/0s=
  dependencies:
    "@cspotcode/source-map-support" "^0.8.0"
    "@tsconfig/node10" "^1.0.7"
    "@tsconfig/node12" "^1.0.7"
    "@tsconfig/node14" "^1.0.0"
    "@tsconfig/node16" "^1.0.2"
    acorn "^8.4.1"
    acorn-walk "^8.1.1"
    arg "^4.1.0"
    create-require "^1.1.0"
    diff "^4.0.1"
    make-error "^1.1.1"
    v8-compile-cache-lib "^3.0.1"
    yn "3.1.1"

typescript@^4.4.3:
  version "4.4.3"
  resolved "http://r.npm.sankuai.com/typescript/download/typescript-4.4.3.tgz#bdc5407caa2b109efd4f82fe130656f977a29324"
  integrity sha1-vcVAfKorEJ79T4L+EwZW+XeikyQ=

v8-compile-cache-lib@^3.0.1:
  version "3.0.1"
  resolved "http://r.npm.sankuai.com/v8-compile-cache-lib/download/v8-compile-cache-lib-3.0.1.tgz#6336e8d71965cb3d35a1bbb7868445a7c05264bf"
  integrity sha1-Yzbo1xllyz01obu3hoRFp8BSZL8=

yn@3.1.1:
  version "3.1.1"
  resolved "http://r.npm.sankuai.com/yn/download/yn-3.1.1.tgz#1e87401a09d767c1d5eab26a6e4c185182d2eb50"
  integrity sha1-HodAGgnXZ8HV6rJqbkwYUYLS61A=
